// !$*UTF8*$!
{
	archiveVersion = 1;
	classes = {
	};
	objectVersion = 56;
	objects = {

/* Begin PBXBuildFile section */
		8F20EA202C778B4900A2737C /* DemoApp.swift in Sources */ = {isa = PBXBuildFile; fileRef = 8F20EA1F2C778B4900A2737C /* DemoApp.swift */; };
		8F20EA222C778B4900A2737C /* Persistence.swift in Sources */ = {isa = PBXBuildFile; fileRef = 8F20EA212C778B4900A2737C /* Persistence.swift */; };
		8F20EA252C778B4900A2737C /* Demo.xcdatamodeld in Sources */ = {isa = PBXBuildFile; fileRef = 8F20EA232C778B4900A2737C /* Demo.xcdatamodeld */; };
		8F20EA292C778B4C00A2737C /* Assets.xcassets in Resources */ = {isa = PBXBuildFile; fileRef = 8F20EA282C778B4C00A2737C /* Assets.xcassets */; };
		8F20EA2D2C778B4C00A2737C /* Preview Assets.xcassets in Resources */ = {isa = PBXBuildFile; fileRef = 8F20EA2C2C778B4C00A2737C /* Preview Assets.xcassets */; };
		8F20EA392C778D6B00A2737C /* DFService in Frameworks */ = {isa = PBXBuildFile; productRef = 8F20EA382C778D6B00A2737C /* DFService */; };
		8F20EA3C2C77AEFA00A2737C /* RouteServiceProvider.swift in Sources */ = {isa = PBXBuildFile; fileRef = 8F20EA3B2C77AEFA00A2737C /* RouteServiceProvider.swift */; };
		8F20EA3E2C77AF2B00A2737C /* AppServiceProvider.swift in Sources */ = {isa = PBXBuildFile; fileRef = 8F20EA3D2C77AF2B00A2737C /* AppServiceProvider.swift */; };
		8FD1D81B2C9DD38500C37DD5 /* DemoPage.swift in Sources */ = {isa = PBXBuildFile; fileRef = 8FD1D81A2C9DD38500C37DD5 /* DemoPage.swift */; };
		8FFB2AE82C82485C00A49BB1 /* SettingPage.swift in Sources */ = {isa = PBXBuildFile; fileRef = 8FFB2AE72C82485C00A49BB1 /* SettingPage.swift */; };
		8FFB2AEA2C824E0100A49BB1 /* PrivacyPage.swift in Sources */ = {isa = PBXBuildFile; fileRef = 8FFB2AE92C824E0100A49BB1 /* PrivacyPage.swift */; };
		8FFB2AEC2C824E6B00A49BB1 /* AppStorage.swift in Sources */ = {isa = PBXBuildFile; fileRef = 8FFB2AEB2C824E6B00A49BB1 /* AppStorage.swift */; };
		8FFB2AEE2C824FE900A49BB1 /* LoginPage.swift in Sources */ = {isa = PBXBuildFile; fileRef = 8FFB2AED2C824FE900A49BB1 /* LoginPage.swift */; };
/* End PBXBuildFile section */

/* Begin PBXFileReference section */
		8F20EA1C2C778B4900A2737C /* Demo.app */ = {isa = PBXFileReference; explicitFileType = wrapper.application; includeInIndex = 0; path = Demo.app; sourceTree = BUILT_PRODUCTS_DIR; };
		8F20EA1F2C778B4900A2737C /* DemoApp.swift */ = {isa = PBXFileReference; lastKnownFileType = sourcecode.swift; path = DemoApp.swift; sourceTree = "<group>"; };
		8F20EA212C778B4900A2737C /* Persistence.swift */ = {isa = PBXFileReference; lastKnownFileType = sourcecode.swift; path = Persistence.swift; sourceTree = "<group>"; };
		8F20EA242C778B4900A2737C /* Demo.xcdatamodel */ = {isa = PBXFileReference; lastKnownFileType = wrapper.xcdatamodel; path = Demo.xcdatamodel; sourceTree = "<group>"; };
		8F20EA282C778B4C00A2737C /* Assets.xcassets */ = {isa = PBXFileReference; lastKnownFileType = folder.assetcatalog; path = Assets.xcassets; sourceTree = "<group>"; };
		8F20EA2A2C778B4C00A2737C /* Demo.entitlements */ = {isa = PBXFileReference; lastKnownFileType = text.plist.entitlements; path = Demo.entitlements; sourceTree = "<group>"; };
		8F20EA2C2C778B4C00A2737C /* Preview Assets.xcassets */ = {isa = PBXFileReference; lastKnownFileType = folder.assetcatalog; path = "Preview Assets.xcassets"; sourceTree = "<group>"; };
		8F20EA342C778C2700A2737C /* DFService */ = {isa = PBXFileReference; lastKnownFileType = wrapper; name = DFService; path = ..; sourceTree = "<group>"; };
		8F20EA3B2C77AEFA00A2737C /* RouteServiceProvider.swift */ = {isa = PBXFileReference; lastKnownFileType = sourcecode.swift; path = RouteServiceProvider.swift; sourceTree = "<group>"; };
		8F20EA3D2C77AF2B00A2737C /* AppServiceProvider.swift */ = {isa = PBXFileReference; lastKnownFileType = sourcecode.swift; path = AppServiceProvider.swift; sourceTree = "<group>"; };
		8FD1D81A2C9DD38500C37DD5 /* DemoPage.swift */ = {isa = PBXFileReference; lastKnownFileType = sourcecode.swift; path = DemoPage.swift; sourceTree = "<group>"; };
		8FFB2AE72C82485C00A49BB1 /* SettingPage.swift */ = {isa = PBXFileReference; lastKnownFileType = sourcecode.swift; path = SettingPage.swift; sourceTree = "<group>"; };
		8FFB2AE92C824E0100A49BB1 /* PrivacyPage.swift */ = {isa = PBXFileReference; lastKnownFileType = sourcecode.swift; path = PrivacyPage.swift; sourceTree = "<group>"; };
		8FFB2AEB2C824E6B00A49BB1 /* AppStorage.swift */ = {isa = PBXFileReference; lastKnownFileType = sourcecode.swift; path = AppStorage.swift; sourceTree = "<group>"; };
		8FFB2AED2C824FE900A49BB1 /* LoginPage.swift */ = {isa = PBXFileReference; lastKnownFileType = sourcecode.swift; path = LoginPage.swift; sourceTree = "<group>"; };
/* End PBXFileReference section */

/* Begin PBXFrameworksBuildPhase section */
		8F20EA192C778B4900A2737C /* Frameworks */ = {
			isa = PBXFrameworksBuildPhase;
			buildActionMask = 2147483647;
			files = (
				8F20EA392C778D6B00A2737C /* DFService in Frameworks */,
			);
			runOnlyForDeploymentPostprocessing = 0;
		};
/* End PBXFrameworksBuildPhase section */

/* Begin PBXGroup section */
		8F20EA132C778B4900A2737C = {
			isa = PBXGroup;
			children = (
				8F20EA332C778C2700A2737C /* Packages */,
				8F20EA1E2C778B4900A2737C /* Demo */,
				8F20EA1D2C778B4900A2737C /* Products */,
				8F20EA372C778D6B00A2737C /* Frameworks */,
			);
			sourceTree = "<group>";
		};
		8F20EA1D2C778B4900A2737C /* Products */ = {
			isa = PBXGroup;
			children = (
				8F20EA1C2C778B4900A2737C /* Demo.app */,
			);
			name = Products;
			sourceTree = "<group>";
		};
		8F20EA1E2C778B4900A2737C /* Demo */ = {
			isa = PBXGroup;
			children = (
				8FFB2AE62C82470400A49BB1 /* pages */,
				8F20EA3A2C77AED800A2737C /* providers */,
				8F20EA1F2C778B4900A2737C /* DemoApp.swift */,
				8F20EA212C778B4900A2737C /* Persistence.swift */,
				8F20EA282C778B4C00A2737C /* Assets.xcassets */,
				8F20EA2A2C778B4C00A2737C /* Demo.entitlements */,
				8F20EA232C778B4900A2737C /* Demo.xcdatamodeld */,
				8F20EA2B2C778B4C00A2737C /* Preview Content */,
			);
			path = Demo;
			sourceTree = "<group>";
		};
		8F20EA2B2C778B4C00A2737C /* Preview Content */ = {
			isa = PBXGroup;
			children = (
				8F20EA2C2C778B4C00A2737C /* Preview Assets.xcassets */,
			);
			path = "Preview Content";
			sourceTree = "<group>";
		};
		8F20EA332C778C2700A2737C /* Packages */ = {
			isa = PBXGroup;
			children = (
				8F20EA342C778C2700A2737C /* DFService */,
			);
			name = Packages;
			sourceTree = "<group>";
		};
		8F20EA372C778D6B00A2737C /* Frameworks */ = {
			isa = PBXGroup;
			children = (
			);
			name = Frameworks;
			sourceTree = "<group>";
		};
		8F20EA3A2C77AED800A2737C /* providers */ = {
			isa = PBXGroup;
			children = (
				8F20EA3B2C77AEFA00A2737C /* RouteServiceProvider.swift */,
				8F20EA3D2C77AF2B00A2737C /* AppServiceProvider.swift */,
				8FFB2AEB2C824E6B00A49BB1 /* AppStorage.swift */,
			);
			path = providers;
			sourceTree = "<group>";
		};
		8FFB2AE62C82470400A49BB1 /* pages */ = {
			isa = PBXGroup;
			children = (
				8FFB2AE72C82485C00A49BB1 /* SettingPage.swift */,
				8FFB2AE92C824E0100A49BB1 /* PrivacyPage.swift */,
				8FFB2AED2C824FE900A49BB1 /* LoginPage.swift */,
				8FD1D81A2C9DD38500C37DD5 /* DemoPage.swift */,
			);
			path = pages;
			sourceTree = "<group>";
		};
/* End PBXGroup section */

/* Begin PBXNativeTarget section */
		8F20EA1B2C778B4900A2737C /* Demo */ = {
			isa = PBXNativeTarget;
			buildConfigurationList = 8F20EA302C778B4C00A2737C /* Build configuration list for PBXNativeTarget "Demo" */;
			buildPhases = (
				8F20EA182C778B4900A2737C /* Sources */,
				8F20EA192C778B4900A2737C /* Frameworks */,
				8F20EA1A2C778B4900A2737C /* Resources */,
			);
			buildRules = (
			);
			dependencies = (
				8F20EA362C778C3900A2737C /* PBXTargetDependency */,
			);
			name = Demo;
			packageProductDependencies = (
				8F20EA382C778D6B00A2737C /* DFService */,
			);
			productName = Demo;
			productReference = 8F20EA1C2C778B4900A2737C /* Demo.app */;
			productType = "com.apple.product-type.application";
		};
/* End PBXNativeTarget section */

/* Begin PBXProject section */
		8F20EA142C778B4900A2737C /* Project object */ = {
			isa = PBXProject;
			attributes = {
				BuildIndependentTargetsInParallel = 1;
				LastSwiftUpdateCheck = 1420;
				LastUpgradeCheck = 1420;
				TargetAttributes = {
					8F20EA1B2C778B4900A2737C = {
						CreatedOnToolsVersion = 14.2;
					};
				};
			};
			buildConfigurationList = 8F20EA172C778B4900A2737C /* Build configuration list for PBXProject "Demo" */;
			compatibilityVersion = "Xcode 14.0";
			developmentRegion = en;
			hasScannedForEncodings = 0;
			knownRegions = (
				en,
				Base,
			);
			mainGroup = 8F20EA132C778B4900A2737C;
			productRefGroup = 8F20EA1D2C778B4900A2737C /* Products */;
			projectDirPath = "";
			projectRoot = "";
			targets = (
				8F20EA1B2C778B4900A2737C /* Demo */,
			);
		};
/* End PBXProject section */

/* Begin PBXResourcesBuildPhase section */
		8F20EA1A2C778B4900A2737C /* Resources */ = {
			isa = PBXResourcesBuildPhase;
			buildActionMask = 2147483647;
			files = (
				8F20EA2D2C778B4C00A2737C /* Preview Assets.xcassets in Resources */,
				8F20EA292C778B4C00A2737C /* Assets.xcassets in Resources */,
			);
			runOnlyForDeploymentPostprocessing = 0;
		};
/* End PBXResourcesBuildPhase section */

/* Begin PBXSourcesBuildPhase section */
		8F20EA182C778B4900A2737C /* Sources */ = {
			isa = PBXSourcesBuildPhase;
			buildActionMask = 2147483647;
			files = (
				8F20EA3E2C77AF2B00A2737C /* AppServiceProvider.swift in Sources */,
				8FFB2AE82C82485C00A49BB1 /* SettingPage.swift in Sources */,
				8F20EA252C778B4900A2737C /* Demo.xcdatamodeld in Sources */,
				8F20EA3C2C77AEFA00A2737C /* RouteServiceProvider.swift in Sources */,
				8F20EA202C778B4900A2737C /* DemoApp.swift in Sources */,
				8FFB2AEC2C824E6B00A49BB1 /* AppStorage.swift in Sources */,
				8F20EA222C778B4900A2737C /* Persistence.swift in Sources */,
				8FFB2AEE2C824FE900A49BB1 /* LoginPage.swift in Sources */,
				8FFB2AEA2C824E0100A49BB1 /* PrivacyPage.swift in Sources */,
				8FD1D81B2C9DD38500C37DD5 /* DemoPage.swift in Sources */,
			);
			runOnlyForDeploymentPostprocessing = 0;
		};
/* End PBXSourcesBuildPhase section */

/* Begin PBXTargetDependency section */
		8F20EA362C778C3900A2737C /* PBXTargetDependency */ = {
			isa = PBXTargetDependency;
			productRef = 8F20EA352C778C3900A2737C /* DFService */;
		};
/* End PBXTargetDependency section */

/* Begin XCBuildConfiguration section */
		8F20EA2E2C778B4C00A2737C /* Debug */ = {
			isa = XCBuildConfiguration;
			buildSettings = {
				ALWAYS_SEARCH_USER_PATHS = NO;
				CLANG_ANALYZER_NONNULL = YES;
				CLANG_ANALYZER_NUMBER_OBJECT_CONVERSION = YES_AGGRESSIVE;
				CLANG_CXX_LANGUAGE_STANDARD = "gnu++20";
				CLANG_ENABLE_MODULES = YES;
				CLANG_ENABLE_OBJC_ARC = YES;
				CLANG_ENABLE_OBJC_WEAK = YES;
				CLANG_WARN_BLOCK_CAPTURE_AUTORELEASING = YES;
				CLANG_WARN_BOOL_CONVERSION = YES;
				CLANG_WARN_COMMA = YES;
				CLANG_WARN_CONSTANT_CONVERSION = YES;
				CLANG_WARN_DEPRECATED_OBJC_IMPLEMENTATIONS = YES;
				CLANG_WARN_DIRECT_OBJC_ISA_USAGE = YES_ERROR;
				CLANG_WARN_DOCUMENTATION_COMMENTS = YES;
				CLANG_WARN_EMPTY_BODY = YES;
				CLANG_WARN_ENUM_CONVERSION = YES;
				CLANG_WARN_INFINITE_RECURSION = YES;
				CLANG_WARN_INT_CONVERSION = YES;
				CLANG_WARN_NON_LITERAL_NULL_CONVERSION = YES;
				CLANG_WARN_OBJC_IMPLICIT_RETAIN_SELF = YES;
				CLANG_WARN_OBJC_LITERAL_CONVERSION = YES;
				CLANG_WARN_OBJC_ROOT_CLASS = YES_ERROR;
				CLANG_WARN_QUOTED_INCLUDE_IN_FRAMEWORK_HEADER = YES;
				CLANG_WARN_RANGE_LOOP_ANALYSIS = YES;
				CLANG_WARN_STRICT_PROTOTYPES = YES;
				CLANG_WARN_SUSPICIOUS_MOVE = YES;
				CLANG_WARN_UNGUARDED_AVAILABILITY = YES_AGGRESSIVE;
				CLANG_WARN_UNREACHABLE_CODE = YES;
				CLANG_WARN__DUPLICATE_METHOD_MATCH = YES;
				COPY_PHASE_STRIP = NO;
				DEBUG_INFORMATION_FORMAT = dwarf;
				ENABLE_STRICT_OBJC_MSGSEND = YES;
				ENABLE_TESTABILITY = YES;
				GCC_C_LANGUAGE_STANDARD = gnu11;
				GCC_DYNAMIC_NO_PIC = NO;
				GCC_NO_COMMON_BLOCKS = YES;
				GCC_OPTIMIZATION_LEVEL = 0;
				GCC_PREPROCESSOR_DEFINITIONS = (
					"DEBUG=1",
					"$(inherited)",
				);
				GCC_WARN_64_TO_32_BIT_CONVERSION = YES;
				GCC_WARN_ABOUT_RETURN_TYPE = YES_ERROR;
				GCC_WARN_UNDECLARED_SELECTOR = YES;
				GCC_WARN_UNINITIALIZED_AUTOS = YES_AGGRESSIVE;
				GCC_WARN_UNUSED_FUNCTION = YES;
				GCC_WARN_UNUSED_VARIABLE = YES;
				IPHONEOS_DEPLOYMENT_TARGET = 14.0;
				MACOSX_DEPLOYMENT_TARGET = 11.0;
				MTL_ENABLE_DEBUG_INFO = INCLUDE_SOURCE;
				MTL_FAST_MATH = YES;
				ONLY_ACTIVE_ARCH = YES;
				SWIFT_ACTIVE_COMPILATION_CONDITIONS = DEBUG;
				SWIFT_OPTIMIZATION_LEVEL = "-Onone";
				TVOS_DEPLOYMENT_TARGET = 14.0;
			};
			name = Debug;
		};
		8F20EA2F2C778B4C00A2737C /* Release */ = {
			isa = XCBuildConfiguration;
			buildSettings = {
				ALWAYS_SEARCH_USER_PATHS = NO;
				CLANG_ANALYZER_NONNULL = YES;
				CLANG_ANALYZER_NUMBER_OBJECT_CONVERSION = YES_AGGRESSIVE;
				CLANG_CXX_LANGUAGE_STANDARD = "gnu++20";
				CLANG_ENABLE_MODULES = YES;
				CLANG_ENABLE_OBJC_ARC = YES;
				CLANG_ENABLE_OBJC_WEAK = YES;
				CLANG_WARN_BLOCK_CAPTURE_AUTORELEASING = YES;
				CLANG_WARN_BOOL_CONVERSION = YES;
				CLANG_WARN_COMMA = YES;
				CLANG_WARN_CONSTANT_CONVERSION = YES;
				CLANG_WARN_DEPRECATED_OBJC_IMPLEMENTATIONS = YES;
				CLANG_WARN_DIRECT_OBJC_ISA_USAGE = YES_ERROR;
				CLANG_WARN_DOCUMENTATION_COMMENTS = YES;
				CLANG_WARN_EMPTY_BODY = YES;
				CLANG_WARN_ENUM_CONVERSION = YES;
				CLANG_WARN_INFINITE_RECURSION = YES;
				CLANG_WARN_INT_CONVERSION = YES;
				CLANG_WARN_NON_LITERAL_NULL_CONVERSION = YES;
				CLANG_WARN_OBJC_IMPLICIT_RETAIN_SELF = YES;
				CLANG_WARN_OBJC_LITERAL_CONVERSION = YES;
				CLANG_WARN_OBJC_ROOT_CLASS = YES_ERROR;
				CLANG_WARN_QUOTED_INCLUDE_IN_FRAMEWORK_HEADER = YES;
				CLANG_WARN_RANGE_LOOP_ANALYSIS = YES;
				CLANG_WARN_STRICT_PROTOTYPES = YES;
				CLANG_WARN_SUSPICIOUS_MOVE = YES;
				CLANG_WARN_UNGUARDED_AVAILABILITY = YES_AGGRESSIVE;
				CLANG_WARN_UNREACHABLE_CODE = YES;
				CLANG_WARN__DUPLICATE_METHOD_MATCH = YES;
				COPY_PHASE_STRIP = NO;
				DEBUG_INFORMATION_FORMAT = "dwarf-with-dsym";
				ENABLE_NS_ASSERTIONS = NO;
				ENABLE_STRICT_OBJC_MSGSEND = YES;
				GCC_C_LANGUAGE_STANDARD = gnu11;
				GCC_NO_COMMON_BLOCKS = YES;
				GCC_WARN_64_TO_32_BIT_CONVERSION = YES;
				GCC_WARN_ABOUT_RETURN_TYPE = YES_ERROR;
				GCC_WARN_UNDECLARED_SELECTOR = YES;
				GCC_WARN_UNINITIALIZED_AUTOS = YES_AGGRESSIVE;
				GCC_WARN_UNUSED_FUNCTION = YES;
				GCC_WARN_UNUSED_VARIABLE = YES;
				IPHONEOS_DEPLOYMENT_TARGET = 14.0;
				MACOSX_DEPLOYMENT_TARGET = 11.0;
				MTL_ENABLE_DEBUG_INFO = NO;
				MTL_FAST_MATH = YES;
				SWIFT_COMPILATION_MODE = wholemodule;
				SWIFT_OPTIMIZATION_LEVEL = "-O";
				TVOS_DEPLOYMENT_TARGET = 14.0;
			};
			name = Release;
		};
		8F20EA312C778B4C00A2737C /* Debug */ = {
			isa = XCBuildConfiguration;
			buildSettings = {
				ASSETCATALOG_COMPILER_APPICON_NAME = AppIcon;
				ASSETCATALOG_COMPILER_GLOBAL_ACCENT_COLOR_NAME = AccentColor;
				CODE_SIGN_ENTITLEMENTS = Demo/Demo.entitlements;
				CODE_SIGN_STYLE = Automatic;
				CURRENT_PROJECT_VERSION = 1;
				DEVELOPMENT_ASSET_PATHS = "\"Demo/Preview Content\"";
				DEVELOPMENT_TEAM = DVP3U56PW8;
				ENABLE_HARDENED_RUNTIME = YES;
				ENABLE_PREVIEWS = YES;
				GENERATE_INFOPLIST_FILE = YES;
				"INFOPLIST_KEY_UIApplicationSceneManifest_Generation[sdk=iphoneos*]" = YES;
				"INFOPLIST_KEY_UIApplicationSceneManifest_Generation[sdk=iphonesimulator*]" = YES;
				"INFOPLIST_KEY_UIApplicationSupportsIndirectInputEvents[sdk=iphoneos*]" = YES;
				"INFOPLIST_KEY_UIApplicationSupportsIndirectInputEvents[sdk=iphonesimulator*]" = YES;
				"INFOPLIST_KEY_UILaunchScreen_Generation[sdk=iphoneos*]" = YES;
				"INFOPLIST_KEY_UILaunchScreen_Generation[sdk=iphonesimulator*]" = YES;
				"INFOPLIST_KEY_UIStatusBarStyle[sdk=iphoneos*]" = UIStatusBarStyleDefault;
				"INFOPLIST_KEY_UIStatusBarStyle[sdk=iphonesimulator*]" = UIStatusBarStyleDefault;
				INFOPLIST_KEY_UISupportedInterfaceOrientations_iPad = "UIInterfaceOrientationPortrait UIInterfaceOrientationPortraitUpsideDown UIInterfaceOrientationLandscapeLeft UIInterfaceOrientationLandscapeRight";
				INFOPLIST_KEY_UISupportedInterfaceOrientations_iPhone = "UIInterfaceOrientationPortrait UIInterfaceOrientationLandscapeLeft UIInterfaceOrientationLandscapeRight";
				IPHONEOS_DEPLOYMENT_TARGET = 14.0;
				LD_RUNPATH_SEARCH_PATHS = "@executable_path/Frameworks";
				"LD_RUNPATH_SEARCH_PATHS[sdk=macosx*]" = "@executable_path/../Frameworks";
				MACOSX_DEPLOYMENT_TARGET = 11.0;
				MARKETING_VERSION = 1.0;
				PRODUCT_BUNDLE_IDENTIFIER = com.github.yaochenfeng.Demo;
				PRODUCT_NAME = "$(TARGET_NAME)";
				SDKROOT = auto;
				SUPPORTED_PLATFORMS = "iphoneos iphonesimulator macosx";
				SUPPORTS_MACCATALYST = YES;
				SUPPORTS_MAC_DESIGNED_FOR_IPHONE_IPAD = NO;
				SWIFT_EMIT_LOC_STRINGS = YES;
				SWIFT_VERSION = 5.0;
				TARGETED_DEVICE_FAMILY = "1,2";
				TVOS_DEPLOYMENT_TARGET = 14.0;
			};
			name = Debug;
		};
		8F20EA322C778B4C00A2737C /* Release */ = {
			isa = XCBuildConfiguration;
			buildSettings = {
				ASSETCATALOG_COMPILER_APPICON_NAME = AppIcon;
				ASSETCATALOG_COMPILER_GLOBAL_ACCENT_COLOR_NAME = AccentColor;
				CODE_SIGN_ENTITLEMENTS = Demo/Demo.entitlements;
				CODE_SIGN_STYLE = Automatic;
				CURRENT_PROJECT_VERSION = 1;
				DEVELOPMENT_ASSET_PATHS = "\"Demo/Preview Content\"";
				DEVELOPMENT_TEAM = DVP3U56PW8;
				ENABLE_HARDENED_RUNTIME = YES;
				ENABLE_PREVIEWS = YES;
				GENERATE_INFOPLIST_FILE = YES;
				"INFOPLIST_KEY_UIApplicationSceneManifest_Generation[sdk=iphoneos*]" = YES;
				"INFOPLIST_KEY_UIApplicationSceneManifest_Generation[sdk=iphonesimulator*]" = YES;
				"INFOPLIST_KEY_UIApplicationSupportsIndirectInputEvents[sdk=iphoneos*]" = YES;
				"INFOPLIST_KEY_UIApplicationSupportsIndirectInputEvents[sdk=iphonesimulator*]" = YES;
				"INFOPLIST_KEY_UILaunchScreen_Generation[sdk=iphoneos*]" = YES;
				"INFOPLIST_KEY_UILaunchScreen_Generation[sdk=iphonesimulator*]" = YES;
				"INFOPLIST_KEY_UIStatusBarStyle[sdk=iphoneos*]" = UIStatusBarStyleDefault;
				"INFOPLIST_KEY_UIStatusBarStyle[sdk=iphonesimulator*]" = UIStatusBarStyleDefault;
				INFOPLIST_KEY_UISupportedInterfaceOrientations_iPad = "UIInterfaceOrientationPortrait UIInterfaceOrientationPortraitUpsideDown UIInterfaceOrientationLandscapeLeft UIInterfaceOrientationLandscapeRight";
				INFOPLIST_KEY_UISupportedInterfaceOrientations_iPhone = "UIInterfaceOrientationPortrait UIInterfaceOrientationLandscapeLeft UIInterfaceOrientationLandscapeRight";
				IPHONEOS_DEPLOYMENT_TARGET = 14.0;
				LD_RUNPATH_SEARCH_PATHS = "@executable_path/Frameworks";
				"LD_RUNPATH_SEARCH_PATHS[sdk=macosx*]" = "@executable_path/../Frameworks";
				MACOSX_DEPLOYMENT_TARGET = 11.0;
				MARKETING_VERSION = 1.0;
				PRODUCT_BUNDLE_IDENTIFIER = com.github.yaochenfeng.Demo;
				PRODUCT_NAME = "$(TARGET_NAME)";
				SDKROOT = auto;
				SUPPORTED_PLATFORMS = "iphoneos iphonesimulator macosx";
				SUPPORTS_MACCATALYST = YES;
				SUPPORTS_MAC_DESIGNED_FOR_IPHONE_IPAD = NO;
				SWIFT_EMIT_LOC_STRINGS = YES;
				SWIFT_VERSION = 5.0;
				TARGETED_DEVICE_FAMILY = "1,2";
				TVOS_DEPLOYMENT_TARGET = 14.0;
			};
			name = Release;
		};
/* End XCBuildConfiguration section */

/* Begin XCConfigurationList section */
		8F20EA172C778B4900A2737C /* Build configuration list for PBXProject "Demo" */ = {
			isa = XCConfigurationList;
			buildConfigurations = (
				8F20EA2E2C778B4C00A2737C /* Debug */,
				8F20EA2F2C778B4C00A2737C /* Release */,
			);
			defaultConfigurationIsVisible = 0;
			defaultConfigurationName = Release;
		};
		8F20EA302C778B4C00A2737C /* Build configuration list for PBXNativeTarget "Demo" */ = {
			isa = XCConfigurationList;
			buildConfigurations = (
				8F20EA312C778B4C00A2737C /* Debug */,
				8F20EA322C778B4C00A2737C /* Release */,
			);
			defaultConfigurationIsVisible = 0;
			defaultConfigurationName = Release;
		};
/* End XCConfigurationList section */

/* Begin XCSwiftPackageProductDependency section */
		8F20EA352C778C3900A2737C /* DFService */ = {
			isa = XCSwiftPackageProductDependency;
			productName = DFService;
		};
		8F20EA382C778D6B00A2737C /* DFService */ = {
			isa = XCSwiftPackageProductDependency;
			productName = DFService;
		};
/* End XCSwiftPackageProductDependency section */

/* Begin XCVersionGroup section */
		8F20EA232C778B4900A2737C /* Demo.xcdatamodeld */ = {
			isa = XCVersionGroup;
			children = (
				8F20EA242C778B4900A2737C /* Demo.xcdatamodel */,
			);
			currentVersion = 8F20EA242C778B4900A2737C /* Demo.xcdatamodel */;
			path = Demo.xcdatamodeld;
			sourceTree = "<group>";
			versionGroupType = wrapper.xcdatamodel;
		};
/* End XCVersionGroup section */
	};
	rootObject = 8F20EA142C778B4900A2737C /* Project object */;
}
